
Microsoft Visual Studio Solution File, Format Version 12.00
# Visual Studio 15
VisualStudioVersion = 15.0.28307.106
MinimumVisualStudioVersion = 10.0.40219.1
Project("{FAE04EC0-301F-11D3-BF4B-00C04F79EFBC}") = "BLE_TEST.Android", "BLE_TEST\BLE_TEST.Android\BLE_TEST.Android.csproj", "{3CFF2E66-1DC6-4D06-8809-01BBCC033334}"
EndProject
Project("{FAE04EC0-301F-11D3-BF4B-00C04F79EFBC}") = "BLE_TEST.iOS", "BLE_TEST\BLE_TEST.iOS\BLE_TEST.iOS.csproj", "{02D20286-F818-4C5B-B4DB-3668F53794A7}"
EndProject
Project("{FAE04EC0-301F-11D3-BF4B-00C04F79EFBC}") = "BLE_TEST", "BLE_TEST\BLE_TEST\BLE_TEST.csproj", "{C7902AAA-5752-49E1-9481-B703EEC7861D}"
EndProject
Global
	GlobalSection(SolutionConfigurationPlatforms) = preSolution
		Ad-Hoc|Any CPU = Ad-Hoc|Any CPU
		Ad-Hoc|iPhone = Ad-Hoc|iPhone
		Ad-Hoc|iPhoneSimulator = Ad-Hoc|iPhoneSimulator
		AppStore|Any CPU = AppStore|Any CPU
		AppStore|iPhone = AppStore|iPhone
		AppStore|iPhoneSimulator = AppStore|iPhoneSimulator
		Debug|Any CPU = Debug|Any CPU
		Debug|iPhone = Debug|iPhone
		Debug|iPhoneSimulator = Debug|iPhoneSimulator
		Release|Any CPU = Release|Any CPU
		Release|iPhone = Release|iPhone
		Release|iPhoneSimulator = Release|iPhoneSimulator
	EndGlobalSection
	GlobalSection(ProjectConfigurationPlatforms) = postSolution
		{3CFF2E66-1DC6-4D06-8809-01BBCC033334}.Ad-Hoc|Any CPU.ActiveCfg = Release|Any CPU
		{3CFF2E66-1DC6-4D06-8809-01BBCC033334}.Ad-Hoc|Any CPU.Build.0 = Release|Any CPU
		{3CFF2E66-1DC6-4D06-8809-01BBCC033334}.Ad-Hoc|Any CPU.Deploy.0 = Release|Any CPU
		{3CFF2E66-1DC6-4D06-8809-01BBCC033334}.Ad-Hoc|iPhone.ActiveCfg = Release|Any CPU
		{3CFF2E66-1DC6-4D06-8809-01BBCC033334}.Ad-Hoc|iPhone.Build.0 = Release|Any CPU
		{3CFF2E66-1DC6-4D06-8809-01BBCC033334}.Ad-Hoc|iPhone.Deploy.0 = Release|Any CPU
		{3CFF2E66-1DC6-4D06-8809-01BBCC033334}.Ad-Hoc|iPhoneSimulator.ActiveCfg = Release|Any CPU
		{3CFF2E66-1DC6-4D06-8809-01BBCC033334}.Ad-Hoc|iPhoneSimulator.Build.0 = Release|Any CPU
		{3CFF2E66-1DC6-4D06-8809-01BBCC033334}.Ad-Hoc|iPhoneSimulator.Deploy.0 = Release|Any CPU
		{3CFF2E66-1DC6-4D06-8809-01BBCC033334}.AppStore|Any CPU.ActiveCfg = Release|Any CPU
		{3CFF2E66-1DC6-4D06-8809-01BBCC033334}.AppStore|Any CPU.Build.0 = Release|Any CPU
		{3CFF2E66-1DC6-4D06-8809-01BBCC033334}.AppStore|Any CPU.Deploy.0 = Release|Any CPU
		{3CFF2E66-1DC6-4D06-8809-01BBCC033334}.AppStore|iPhone.ActiveCfg = Release|Any CPU
		{3CFF2E66-1DC6-4D06-8809-01BBCC033334}.AppStore|iPhone.Build.0 = Release|Any CPU
		{3CFF2E66-1DC6-4D06-8809-01BBCC033334}.AppStore|iPhone.Deploy.0 = Release|Any CPU
		{3CFF2E66-1DC6-4D06-8809-01BBCC033334}.AppStore|iPhoneSimulator.ActiveCfg = Release|Any CPU
		{3CFF2E66-1DC6-4D06-8809-01BBCC033334}.AppStore|iPhoneSimulator.Build.0 = Release|Any CPU
		{3CFF2E66-1DC6-4D06-8809-01BBCC033334}.AppStore|iPhoneSimulator.Deploy.0 = Release|Any CPU
		{3CFF2E66-1DC6-4D06-8809-01BBCC033334}.Debug|Any CPU.ActiveCfg = Debug|Any CPU
		{3CFF2E66-1DC6-4D06-8809-01BBCC033334}.Debug|Any CPU.Build.0 = Debug|Any CPU
		{3CFF2E66-1DC6-4D06-8809-01BBCC033334}.Debug|Any CPU.Deploy.0 = Debug|Any CPU
		{3CFF2E66-1DC6-4D06-8809-01BBCC033334}.Debug|iPhone.ActiveCfg = Debug|Any CPU
		{3CFF2E66-1DC6-4D06-8809-01BBCC033334}.Debug|iPhone.Build.0 = Debug|Any CPU
		{3CFF2E66-1DC6-4D06-8809-01BBCC033334}.Debug|iPhone.Deploy.0 = Debug|Any CPU
		{3CFF2E66-1DC6-4D06-8809-01BBCC033334}.Debug|iPhoneSimulator.ActiveCfg = Debug|Any CPU
		{3CFF2E66-1DC6-4D06-8809-01BBCC033334}.Debug|iPhoneSimulator.Build.0 = Debug|Any CPU
		{3CFF2E66-1DC6-4D06-8809-01BBCC033334}.Debug|iPhoneSimulator.Deploy.0 = Debug|Any CPU
		{3CFF2E66-1DC6-4D06-8809-01BBCC033334}.Release|Any CPU.ActiveCfg = Release|Any CPU
		{3CFF2E66-1DC6-4D06-8809-01BBCC033334}.Release|Any CPU.Build.0 = Release|Any CPU
		{3CFF2E66-1DC6-4D06-8809-01BBCC033334}.Release|Any CPU.Deploy.0 = Release|Any CPU
		{3CFF2E66-1DC6-4D06-8809-01BBCC033334}.Release|iPhone.ActiveCfg = Release|Any CPU
		{3CFF2E66-1DC6-4D06-8809-01BBCC033334}.Release|iPhone.Build.0 = Release|Any CPU
		{3CFF2E66-1DC6-4D06-8809-01BBCC033334}.Release|iPhone.Deploy.0 = Release|Any CPU
		{3CFF2E66-1DC6-4D06-8809-01BBCC033334}.Release|iPhoneSimulator.ActiveCfg = Release|Any CPU
		{3CFF2E66-1DC6-4D06-8809-01BBCC033334}.Release|iPhoneSimulator.Build.0 = Release|Any CPU
		{3CFF2E66-1DC6-4D06-8809-01BBCC033334}.Release|iPhoneSimulator.Deploy.0 = Release|Any CPU
		{02D20286-F818-4C5B-B4DB-3668F53794A7}.Ad-Hoc|Any CPU.ActiveCfg = Ad-Hoc|iPhone
		{02D20286-F818-4C5B-B4DB-3668F53794A7}.Ad-Hoc|Any CPU.Build.0 = Ad-Hoc|iPhone
		{02D20286-F818-4C5B-B4DB-3668F53794A7}.Ad-Hoc|Any CPU.Deploy.0 = Ad-Hoc|iPhone
		{02D20286-F818-4C5B-B4DB-3668F53794A7}.Ad-Hoc|iPhone.ActiveCfg = Ad-Hoc|iPhone
		{02D20286-F818-4C5B-B4DB-3668F53794A7}.Ad-Hoc|iPhone.Build.0 = Ad-Hoc|iPhone
		{02D20286-F818-4C5B-B4DB-3668F53794A7}.Ad-Hoc|iPhone.Deploy.0 = Ad-Hoc|iPhone
		{02D20286-F818-4C5B-B4DB-3668F53794A7}.Ad-Hoc|iPhoneSimulator.ActiveCfg = Ad-Hoc|iPhoneSimulator
		{02D20286-F818-4C5B-B4DB-3668F53794A7}.Ad-Hoc|iPhoneSimulator.Build.0 = Ad-Hoc|iPhoneSimulator
		{02D20286-F818-4C5B-B4DB-3668F53794A7}.Ad-Hoc|iPhoneSimulator.Deploy.0 = Ad-Hoc|iPhoneSimulator
		{02D20286-F818-4C5B-B4DB-3668F53794A7}.AppStore|Any CPU.ActiveCfg = AppStore|iPhone
		{02D20286-F818-4C5B-B4DB-3668F53794A7}.AppStore|Any CPU.Build.0 = AppStore|iPhone
		{02D20286-F818-4C5B-B4DB-3668F53794A7}.AppStore|Any CPU.Deploy.0 = AppStore|iPhone
		{02D20286-F818-4C5B-B4DB-3668F53794A7}.AppStore|iPhone.ActiveCfg = AppStore|iPhone
		{02D20286-F818-4C5B-B4DB-3668F53794A7}.AppStore|iPhone.Build.0 = AppStore|iPhone
		{02D20286-F818-4C5B-B4DB-3668F53794A7}.AppStore|iPhone.Deploy.0 = AppStore|iPhone
		{02D20286-F818-4C5B-B4DB-3668F53794A7}.AppStore|iPhoneSimulator.ActiveCfg = AppStore|iPhoneSimulator
		{02D20286-F818-4C5B-B4DB-3668F53794A7}.AppStore|iPhoneSimulator.Build.0 = AppStore|iPhoneSimulator
		{02D20286-F818-4C5B-B4DB-3668F53794A7}.AppStore|iPhoneSimulator.Deploy.0 = AppStore|iPhoneSimulator
		{02D20286-F818-4C5B-B4DB-3668F53794A7}.Debug|Any CPU.ActiveCfg = Debug|iPhoneSimulator
		{02D20286-F818-4C5B-B4DB-3668F53794A7}.Debug|Any CPU.Build.0 = Debug|iPhoneSimulator
		{02D20286-F818-4C5B-B4DB-3668F53794A7}.Debug|Any CPU.Deploy.0 = Debug|iPhoneSimulator
		{02D20286-F818-4C5B-B4DB-3668F53794A7}.Debug|iPhone.ActiveCfg = Debug|iPhone
		{02D20286-F818-4C5B-B4DB-3668F53794A7}.Debug|iPhone.Build.0 = Debug|iPhone
		{02D20286-F818-4C5B-B4DB-3668F53794A7}.Debug|iPhone.Deploy.0 = Debug|iPhone
		{02D20286-F818-4C5B-B4DB-3668F53794A7}.Debug|iPhoneSimulator.ActiveCfg = Debug|iPhoneSimulator
		{02D20286-F818-4C5B-B4DB-3668F53794A7}.Debug|iPhoneSimulator.Build.0 = Debug|iPhoneSimulator
		{02D20286-F818-4C5B-B4DB-3668F53794A7}.Debug|iPhoneSimulator.Deploy.0 = Debug|iPhoneSimulator
		{02D20286-F818-4C5B-B4DB-3668F53794A7}.Release|Any CPU.ActiveCfg = Release|iPhone
		{02D20286-F818-4C5B-B4DB-3668F53794A7}.Release|Any CPU.Build.0 = Release|iPhone
		{02D20286-F818-4C5B-B4DB-3668F53794A7}.Release|Any CPU.Deploy.0 = Release|iPhone
		{02D20286-F818-4C5B-B4DB-3668F53794A7}.Release|iPhone.ActiveCfg = Release|iPhone
		{02D20286-F818-4C5B-B4DB-3668F53794A7}.Release|iPhone.Build.0 = Release|iPhone
		{02D20286-F818-4C5B-B4DB-3668F53794A7}.Release|iPhone.Deploy.0 = Release|iPhone
		{02D20286-F818-4C5B-B4DB-3668F53794A7}.Release|iPhoneSimulator.ActiveCfg = Release|iPhoneSimulator
		{02D20286-F818-4C5B-B4DB-3668F53794A7}.Release|iPhoneSimulator.Build.0 = Release|iPhoneSimulator
		{02D20286-F818-4C5B-B4DB-3668F53794A7}.Release|iPhoneSimulator.Deploy.0 = Release|iPhoneSimulator
		{C7902AAA-5752-49E1-9481-B703EEC7861D}.Ad-Hoc|Any CPU.ActiveCfg = Debug|Any CPU
		{C7902AAA-5752-49E1-9481-B703EEC7861D}.Ad-Hoc|Any CPU.Build.0 = Debug|Any CPU
		{C7902AAA-5752-49E1-9481-B703EEC7861D}.Ad-Hoc|Any CPU.Deploy.0 = Debug|Any CPU
		{C7902AAA-5752-49E1-9481-B703EEC7861D}.Ad-Hoc|iPhone.ActiveCfg = Debug|Any CPU
		{C7902AAA-5752-49E1-9481-B703EEC7861D}.Ad-Hoc|iPhone.Build.0 = Debug|Any CPU
		{C7902AAA-5752-49E1-9481-B703EEC7861D}.Ad-Hoc|iPhone.Deploy.0 = Debug|Any CPU
		{C7902AAA-5752-49E1-9481-B703EEC7861D}.Ad-Hoc|iPhoneSimulator.ActiveCfg = Debug|Any CPU
		{C7902AAA-5752-49E1-9481-B703EEC7861D}.Ad-Hoc|iPhoneSimulator.Build.0 = Debug|Any CPU
		{C7902AAA-5752-49E1-9481-B703EEC7861D}.Ad-Hoc|iPhoneSimulator.Deploy.0 = Debug|Any CPU
		{C7902AAA-5752-49E1-9481-B703EEC7861D}.AppStore|Any CPU.ActiveCfg = Debug|Any CPU
		{C7902AAA-5752-49E1-9481-B703EEC7861D}.AppStore|Any CPU.Build.0 = Debug|Any CPU
		{C7902AAA-5752-49E1-9481-B703EEC7861D}.AppStore|Any CPU.Deploy.0 = Debug|Any CPU
		{C7902AAA-5752-49E1-9481-B703EEC7861D}.AppStore|iPhone.ActiveCfg = Debug|Any CPU
		{C7902AAA-5752-49E1-9481-B703EEC7861D}.AppStore|iPhone.Build.0 = Debug|Any CPU
		{C7902AAA-5752-49E1-9481-B703EEC7861D}.AppStore|iPhone.Deploy.0 = Debug|Any CPU
		{C7902AAA-5752-49E1-9481-B703EEC7861D}.AppStore|iPhoneSimulator.ActiveCfg = Debug|Any CPU
		{C7902AAA-5752-49E1-9481-B703EEC7861D}.AppStore|iPhoneSimulator.Build.0 = Debug|Any CPU
		{C7902AAA-5752-49E1-9481-B703EEC7861D}.AppStore|iPhoneSimulator.Deploy.0 = Debug|Any CPU
		{C7902AAA-5752-49E1-9481-B703EEC7861D}.Debug|Any CPU.ActiveCfg = Debug|Any CPU
		{C7902AAA-5752-49E1-9481-B703EEC7861D}.Debug|Any CPU.Build.0 = Debug|Any CPU
		{C7902AAA-5752-49E1-9481-B703EEC7861D}.Debug|Any CPU.Deploy.0 = Debug|Any CPU
		{C7902AAA-5752-49E1-9481-B703EEC7861D}.Debug|iPhone.ActiveCfg = Debug|Any CPU
		{C7902AAA-5752-49E1-9481-B703EEC7861D}.Debug|iPhone.Build.0 = Debug|Any CPU
		{C7902AAA-5752-49E1-9481-B703EEC7861D}.Debug|iPhone.Deploy.0 = Debug|Any CPU
		{C7902AAA-5752-49E1-9481-B703EEC7861D}.Debug|iPhoneSimulator.ActiveCfg = Debug|Any CPU
		{C7902AAA-5752-49E1-9481-B703EEC7861D}.Debug|iPhoneSimulator.Build.0 = Debug|Any CPU
		{C7902AAA-5752-49E1-9481-B703EEC7861D}.Debug|iPhoneSimulator.Deploy.0 = Debug|Any CPU
		{C7902AAA-5752-49E1-9481-B703EEC7861D}.Release|Any CPU.ActiveCfg = Release|Any CPU
		{C7902AAA-5752-49E1-9481-B703EEC7861D}.Release|Any CPU.Build.0 = Release|Any CPU
		{C7902AAA-5752-49E1-9481-B703EEC7861D}.Release|Any CPU.Deploy.0 = Release|Any CPU
		{C7902AAA-5752-49E1-9481-B703EEC7861D}.Release|iPhone.ActiveCfg = Release|Any CPU
		{C7902AAA-5752-49E1-9481-B703EEC7861D}.Release|iPhone.Build.0 = Release|Any CPU
		{C7902AAA-5752-49E1-9481-B703EEC7861D}.Release|iPhone.Deploy.0 = Release|Any CPU
		{C7902AAA-5752-49E1-9481-B703EEC7861D}.Release|iPhoneSimulator.ActiveCfg = Release|Any CPU
		{C7902AAA-5752-49E1-9481-B703EEC7861D}.Release|iPhoneSimulator.Build.0 = Release|Any CPU
		{C7902AAA-5752-49E1-9481-B703EEC7861D}.Release|iPhoneSimulator.Deploy.0 = Release|Any CPU
	EndGlobalSection
	GlobalSection(SolutionProperties) = preSolution
		HideSolutionNode = FALSE
	EndGlobalSection
	GlobalSection(ExtensibilityGlobals) = postSolution
		SolutionGuid = {1654D1A6-8F75-49D1-84ED-C1705CA4C063}
	EndGlobalSection
EndGlobal
